
Microsoft Visual Studio Solution File, Format Version 12.00
Project("{2150E333-8FDC-42A3-9474-1A3956D46DE8}") = "src", "src", "{A4B8F05F-A2E5-485A-B937-4EF062A84452}"
EndProject
Project("{2150E333-8FDC-42A3-9474-1A3956D46DE8}") = "lambda", "lambda", "{BCC9187A-6857-4CA3-A91B-61C587E031E3}"
EndProject
Project("{2150E333-8FDC-42A3-9474-1A3956D46DE8}") = "integ-tests", "integ-tests", "{F1F2C260-CDA3-4F55-9232-C66B90645046}"
EndProject
Project("{FAE04EC0-301F-11D3-BF4B-00C04F79EFBC}") = "SimpleRequest.Aws.Lambda.Runtime", "src\lambda\SimpleRequest.Aws.Lambda.Runtime\SimpleRequest.Aws.Lambda.Runtime.csproj", "{93106B06-DEAD-4374-BB9B-9E9A297DB247}"
EndProject
Project("{FAE04EC0-301F-11D3-BF4B-00C04F79EFBC}") = "SimpleRequest.Aws.Lambda.Sqs", "src\lambda\SimpleRequest.Aws.Lambda.Sqs\SimpleRequest.Aws.Lambda.Sqs.csproj", "{ABCCD61F-5330-4830-A616-3E6DC233827F}"
EndProject
Project("{2150E333-8FDC-42A3-9474-1A3956D46DE8}") = "lambda", "lambda", "{EB81C99A-F19D-458C-8D5F-C9F7B9937C2D}"
EndProject
Project("{FAE04EC0-301F-11D3-BF4B-00C04F79EFBC}") = "TestSqsLambdaProject", "integ-tests\lambda\TestSqsLambdaProject\TestSqsLambdaProject.csproj", "{B15F494C-7228-44DF-91B1-9537C579AFAF}"
EndProject
Project("{FAE04EC0-301F-11D3-BF4B-00C04F79EFBC}") = "SqsLambdaProject", "integ-tests\lambda\SqsLambdaProject\SqsLambdaProject.csproj", "{8337C97C-C0BC-4DCD-AEB9-61C949410E12}"
EndProject
Project("{FAE04EC0-301F-11D3-BF4B-00C04F79EFBC}") = "SimpleRequest.Aws.Lambda.Testing", "src\lambda\SimpleRequest.Aws.Lambda.Testing\SimpleRequest.Aws.Lambda.Testing.csproj", "{2BCF5E81-1896-40AE-A7AA-01AD60A372FE}"
EndProject
Project("{FAE04EC0-301F-11D3-BF4B-00C04F79EFBC}") = "SimpleRequest.Aws.Lambda.SourceGenerator", "src\lambda\SimpleRequest.Aws.Lambda.SourceGenerator\SimpleRequest.Aws.Lambda.SourceGenerator.csproj", "{8218A095-F151-4506-8381-1ABC64EFEFF5}"
EndProject
Project("{FAE04EC0-301F-11D3-BF4B-00C04F79EFBC}") = "SimpleRequest.Aws.Lambda.Web", "src\lambda\SimpleRequest.Aws.Lambda.Web\SimpleRequest.Aws.Lambda.Web.csproj", "{5D0B1777-2458-423B-B387-F4846E56F6D4}"
EndProject
Project("{FAE04EC0-301F-11D3-BF4B-00C04F79EFBC}") = "WebLambdaProject", "integ-tests\lambda\WebLambdaProject\WebLambdaProject.csproj", "{A1432C2C-37A5-452B-AA72-65CBEB917536}"
EndProject
Global
	GlobalSection(SolutionConfigurationPlatforms) = preSolution
		Debug|Any CPU = Debug|Any CPU
		Release|Any CPU = Release|Any CPU
	EndGlobalSection
	GlobalSection(NestedProjects) = preSolution
		{BCC9187A-6857-4CA3-A91B-61C587E031E3} = {A4B8F05F-A2E5-485A-B937-4EF062A84452}
		{93106B06-DEAD-4374-BB9B-9E9A297DB247} = {BCC9187A-6857-4CA3-A91B-61C587E031E3}
		{ABCCD61F-5330-4830-A616-3E6DC233827F} = {BCC9187A-6857-4CA3-A91B-61C587E031E3}
		{EB81C99A-F19D-458C-8D5F-C9F7B9937C2D} = {F1F2C260-CDA3-4F55-9232-C66B90645046}
		{B15F494C-7228-44DF-91B1-9537C579AFAF} = {EB81C99A-F19D-458C-8D5F-C9F7B9937C2D}
		{8337C97C-C0BC-4DCD-AEB9-61C949410E12} = {EB81C99A-F19D-458C-8D5F-C9F7B9937C2D}
		{2BCF5E81-1896-40AE-A7AA-01AD60A372FE} = {BCC9187A-6857-4CA3-A91B-61C587E031E3}
		{8218A095-F151-4506-8381-1ABC64EFEFF5} = {BCC9187A-6857-4CA3-A91B-61C587E031E3}
		{5D0B1777-2458-423B-B387-F4846E56F6D4} = {BCC9187A-6857-4CA3-A91B-61C587E031E3}
		{A1432C2C-37A5-452B-AA72-65CBEB917536} = {EB81C99A-F19D-458C-8D5F-C9F7B9937C2D}
	EndGlobalSection
	GlobalSection(ProjectConfigurationPlatforms) = postSolution
		{93106B06-DEAD-4374-BB9B-9E9A297DB247}.Debug|Any CPU.ActiveCfg = Debug|Any CPU
		{93106B06-DEAD-4374-BB9B-9E9A297DB247}.Debug|Any CPU.Build.0 = Debug|Any CPU
		{93106B06-DEAD-4374-BB9B-9E9A297DB247}.Release|Any CPU.ActiveCfg = Release|Any CPU
		{93106B06-DEAD-4374-BB9B-9E9A297DB247}.Release|Any CPU.Build.0 = Release|Any CPU
		{ABCCD61F-5330-4830-A616-3E6DC233827F}.Debug|Any CPU.ActiveCfg = Debug|Any CPU
		{ABCCD61F-5330-4830-A616-3E6DC233827F}.Debug|Any CPU.Build.0 = Debug|Any CPU
		{ABCCD61F-5330-4830-A616-3E6DC233827F}.Release|Any CPU.ActiveCfg = Release|Any CPU
		{ABCCD61F-5330-4830-A616-3E6DC233827F}.Release|Any CPU.Build.0 = Release|Any CPU
		{B15F494C-7228-44DF-91B1-9537C579AFAF}.Debug|Any CPU.ActiveCfg = Debug|Any CPU
		{B15F494C-7228-44DF-91B1-9537C579AFAF}.Debug|Any CPU.Build.0 = Debug|Any CPU
		{B15F494C-7228-44DF-91B1-9537C579AFAF}.Release|Any CPU.ActiveCfg = Release|Any CPU
		{B15F494C-7228-44DF-91B1-9537C579AFAF}.Release|Any CPU.Build.0 = Release|Any CPU
		{8337C97C-C0BC-4DCD-AEB9-61C949410E12}.Debug|Any CPU.ActiveCfg = Debug|Any CPU
		{8337C97C-C0BC-4DCD-AEB9-61C949410E12}.Debug|Any CPU.Build.0 = Debug|Any CPU
		{8337C97C-C0BC-4DCD-AEB9-61C949410E12}.Release|Any CPU.ActiveCfg = Release|Any CPU
		{8337C97C-C0BC-4DCD-AEB9-61C949410E12}.Release|Any CPU.Build.0 = Release|Any CPU
		{2BCF5E81-1896-40AE-A7AA-01AD60A372FE}.Debug|Any CPU.ActiveCfg = Debug|Any CPU
		{2BCF5E81-1896-40AE-A7AA-01AD60A372FE}.Debug|Any CPU.Build.0 = Debug|Any CPU
		{2BCF5E81-1896-40AE-A7AA-01AD60A372FE}.Release|Any CPU.ActiveCfg = Release|Any CPU
		{2BCF5E81-1896-40AE-A7AA-01AD60A372FE}.Release|Any CPU.Build.0 = Release|Any CPU
		{8218A095-F151-4506-8381-1ABC64EFEFF5}.Debug|Any CPU.ActiveCfg = Debug|Any CPU
		{8218A095-F151-4506-8381-1ABC64EFEFF5}.Debug|Any CPU.Build.0 = Debug|Any CPU
		{8218A095-F151-4506-8381-1ABC64EFEFF5}.Release|Any CPU.ActiveCfg = Release|Any CPU
		{8218A095-F151-4506-8381-1ABC64EFEFF5}.Release|Any CPU.Build.0 = Release|Any CPU
		{5D0B1777-2458-423B-B387-F4846E56F6D4}.Debug|Any CPU.ActiveCfg = Debug|Any CPU
		{5D0B1777-2458-423B-B387-F4846E56F6D4}.Debug|Any CPU.Build.0 = Debug|Any CPU
		{5D0B1777-2458-423B-B387-F4846E56F6D4}.Release|Any CPU.ActiveCfg = Release|Any CPU
		{5D0B1777-2458-423B-B387-F4846E56F6D4}.Release|Any CPU.Build.0 = Release|Any CPU
		{A1432C2C-37A5-452B-AA72-65CBEB917536}.Debug|Any CPU.ActiveCfg = Debug|Any CPU
		{A1432C2C-37A5-452B-AA72-65CBEB917536}.Debug|Any CPU.Build.0 = Debug|Any CPU
		{A1432C2C-37A5-452B-AA72-65CBEB917536}.Release|Any CPU.ActiveCfg = Release|Any CPU
		{A1432C2C-37A5-452B-AA72-65CBEB917536}.Release|Any CPU.Build.0 = Release|Any CPU
	EndGlobalSection
EndGlobal
