
Microsoft Visual Studio Solution File, Format Version 12.00
Project("{2150E333-8FDC-42A3-9474-1A3956D46DE8}") = "src", "src", "{A4B8F05F-A2E5-485A-B937-4EF062A84452}"
EndProject
Project("{2150E333-8FDC-42A3-9474-1A3956D46DE8}") = "lambda", "lambda", "{BCC9187A-6857-4CA3-A91B-61C587E031E3}"
EndProject
Project("{2150E333-8FDC-42A3-9474-1A3956D46DE8}") = "integ-tests", "integ-tests", "{F1F2C260-CDA3-4F55-9232-C66B90645046}"
EndProject
Project("{FAE04EC0-301F-11D3-BF4B-00C04F79EFBC}") = "SimpleRequest.Aws.Lambda.Runtime", "src\lambda\SimpleRequest.Aws.Lambda.Runtime\SimpleRequest.Aws.Lambda.Runtime.csproj", "{93106B06-DEAD-4374-BB9B-9E9A297DB247}"
EndProject
Project("{FAE04EC0-301F-11D3-BF4B-00C04F79EFBC}") = "SimpleRequest.Aws.Lambda.Sqs", "src\lambda\SimpleRequest.Aws.Lambda.Sqs\SimpleRequest.Aws.Lambda.Sqs.csproj", "{ABCCD61F-5330-4830-A616-3E6DC233827F}"
EndProject
Project("{2150E333-8FDC-42A3-9474-1A3956D46DE8}") = "lambda", "lambda", "{EB81C99A-F19D-458C-8D5F-C9F7B9937C2D}"
EndProject
Project("{FAE04EC0-301F-11D3-BF4B-00C04F79EFBC}") = "TestSqsLambdaProject", "integ-tests\lambda\TestSqsLambdaProject\TestSqsLambdaProject.csproj", "{B15F494C-7228-44DF-91B1-9537C579AFAF}"
EndProject
Project("{FAE04EC0-301F-11D3-BF4B-00C04F79EFBC}") = "SqsLambdaProject", "integ-tests\lambda\SqsLambdaProject\SqsLambdaProject.csproj", "{8337C97C-C0BC-4DCD-AEB9-61C949410E12}"
EndProject
Project("{FAE04EC0-301F-11D3-BF4B-00C04F79EFBC}") = "SimpleRequest.Aws.Lambda.Testing", "src\lambda\SimpleRequest.Aws.Lambda.Testing\SimpleRequest.Aws.Lambda.Testing.csproj", "{2BCF5E81-1896-40AE-A7AA-01AD60A372FE}"
EndProject
Project("{FAE04EC0-301F-11D3-BF4B-00C04F79EFBC}") = "SimpleRequest.Aws.Lambda.Web", "src\lambda\SimpleRequest.Aws.Lambda.Web\SimpleRequest.Aws.Lambda.Web.csproj", "{5D0B1777-2458-423B-B387-F4846E56F6D4}"
EndProject
Project("{FAE04EC0-301F-11D3-BF4B-00C04F79EFBC}") = "WebLambdaProject", "integ-tests\lambda\WebLambdaProject\WebLambdaProject.csproj", "{A1432C2C-37A5-452B-AA72-65CBEB917536}"
EndProject
Project("{FAE04EC0-301F-11D3-BF4B-00C04F79EFBC}") = "TestWebLambdaProject", "integ-tests\lambda\TestWebLambdaProject\TestWebLambdaProject.csproj", "{67E7BB46-B616-4770-9B39-BF69011E9038}"
EndProject
Project("{FAE04EC0-301F-11D3-BF4B-00C04F79EFBC}") = "SimpleRequest.Aws.Lambda.DdbStream", "src\lambda\SimpleRequest.Aws.Lambda.DdbStream\SimpleRequest.Aws.Lambda.DdbStream.csproj", "{B14B376F-D13E-4FBE-BA3D-05B14B949C8E}"
EndProject
Project("{FAE04EC0-301F-11D3-BF4B-00C04F79EFBC}") = "DdbStreamLambdaProject", "integ-tests\lambda\DdbStreamLambdaProject\DdbStreamLambdaProject.csproj", "{BE5FF6A2-3AC4-4B80-AA47-48A06F0273BB}"
EndProject
Project("{2150E333-8FDC-42A3-9474-1A3956D46DE8}") = "host", "host", "{D1A3A250-9CE2-4D69-81AB-C620360F2B18}"
EndProject
Project("{2150E333-8FDC-42A3-9474-1A3956D46DE8}") = "container", "container", "{0D59957A-6945-434B-95C1-D4B4EC622F35}"
EndProject
Project("{FAE04EC0-301F-11D3-BF4B-00C04F79EFBC}") = "SimpleRequest.Aws.Host.DdbStream", "src\host\SimpleRequest.Aws.Host.DdbStream\SimpleRequest.Aws.Host.DdbStream.csproj", "{1B07A81B-0999-47A1-9BB1-2A3ACA4D1F73}"
EndProject
Project("{FAE04EC0-301F-11D3-BF4B-00C04F79EFBC}") = "SimpleRequest.Aws.Host.Runtime", "src\host\SimpleRequest.Aws.Host.Runtime\SimpleRequest.Aws.Host.Runtime.csproj", "{A52DEA15-9C04-4612-A459-B9EADCBADEF3}"
EndProject
Project("{FAE04EC0-301F-11D3-BF4B-00C04F79EFBC}") = "SimpleRequest.Aws.Host.Sqs", "src\host\SimpleRequest.Aws.Host.Sqs\SimpleRequest.Aws.Host.Sqs.csproj", "{6FDD9A1B-7E2A-4D1E-A1F1-992E30E50C7A}"
EndProject
Project("{FAE04EC0-301F-11D3-BF4B-00C04F79EFBC}") = "SimpleRequest.Aws.Lambda.CwDashboard", "src\lambda\SimpleRequest.Aws.Lambda.CwDashboard\SimpleRequest.Aws.Lambda.CwDashboard.csproj", "{523A9804-7D0D-4EAB-A993-02285834F121}"
EndProject
Project("{FAE04EC0-301F-11D3-BF4B-00C04F79EFBC}") = "CloudWatchDashboardProject", "integ-tests\lambda\CloudWatchDashboardProject\CloudWatchDashboardProject.csproj", "{B29F4A68-696D-4B25-87ED-085E891EE4AF}"
EndProject
Project("{FAE04EC0-301F-11D3-BF4B-00C04F79EFBC}") = "TestCloudWatchDashboardProject", "integ-tests\lambda\TestCloudWatchDashboardProject\TestCloudWatchDashboardProject.csproj", "{507621F6-397F-4424-B3B5-466924F68BBD}"
EndProject
Project("{FAE04EC0-301F-11D3-BF4B-00C04F79EFBC}") = "SimpleRequest.Aws.Lambda.EventBridge", "src\lambda\SimpleRequest.Aws.Lambda.EventBridge\SimpleRequest.Aws.Lambda.EventBridge.csproj", "{B568736E-AD29-4160-86D3-986A29032367}"
EndProject
Project("{FAE04EC0-301F-11D3-BF4B-00C04F79EFBC}") = "LambdaFunctionProject", "integ-tests\lambda\LambdaFunctionProject\LambdaFunctionProject.csproj", "{78FD794C-BC5B-4B31-A20D-4533D2E36CC4}"
EndProject
Project("{FAE04EC0-301F-11D3-BF4B-00C04F79EFBC}") = "SimpleRequest.Aws.Lambda.Responsive", "src\lambda\SimpleRequest.Aws.Lambda.Responsive\SimpleRequest.Aws.Lambda.Responsive.csproj", "{51B74027-43D6-4117-A6ED-F26F5B45699B}"
EndProject
Project("{FAE04EC0-301F-11D3-BF4B-00C04F79EFBC}") = "ResponsiveLambdaProject", "integ-tests\lambda\ResponsiveLambdaProject\ResponsiveLambdaProject.csproj", "{DC87FEE1-93B9-4107-A3B8-EB49B56839E3}"
EndProject
Global
	GlobalSection(SolutionConfigurationPlatforms) = preSolution
		Debug|Any CPU = Debug|Any CPU
		Release|Any CPU = Release|Any CPU
	EndGlobalSection
	GlobalSection(NestedProjects) = preSolution
		{BCC9187A-6857-4CA3-A91B-61C587E031E3} = {A4B8F05F-A2E5-485A-B937-4EF062A84452}
		{93106B06-DEAD-4374-BB9B-9E9A297DB247} = {BCC9187A-6857-4CA3-A91B-61C587E031E3}
		{ABCCD61F-5330-4830-A616-3E6DC233827F} = {BCC9187A-6857-4CA3-A91B-61C587E031E3}
		{EB81C99A-F19D-458C-8D5F-C9F7B9937C2D} = {F1F2C260-CDA3-4F55-9232-C66B90645046}
		{B15F494C-7228-44DF-91B1-9537C579AFAF} = {EB81C99A-F19D-458C-8D5F-C9F7B9937C2D}
		{8337C97C-C0BC-4DCD-AEB9-61C949410E12} = {EB81C99A-F19D-458C-8D5F-C9F7B9937C2D}
		{2BCF5E81-1896-40AE-A7AA-01AD60A372FE} = {BCC9187A-6857-4CA3-A91B-61C587E031E3}
		{5D0B1777-2458-423B-B387-F4846E56F6D4} = {BCC9187A-6857-4CA3-A91B-61C587E031E3}
		{A1432C2C-37A5-452B-AA72-65CBEB917536} = {EB81C99A-F19D-458C-8D5F-C9F7B9937C2D}
		{67E7BB46-B616-4770-9B39-BF69011E9038} = {EB81C99A-F19D-458C-8D5F-C9F7B9937C2D}
		{B14B376F-D13E-4FBE-BA3D-05B14B949C8E} = {BCC9187A-6857-4CA3-A91B-61C587E031E3}
		{BE5FF6A2-3AC4-4B80-AA47-48A06F0273BB} = {EB81C99A-F19D-458C-8D5F-C9F7B9937C2D}
		{D1A3A250-9CE2-4D69-81AB-C620360F2B18} = {A4B8F05F-A2E5-485A-B937-4EF062A84452}
		{0D59957A-6945-434B-95C1-D4B4EC622F35} = {A4B8F05F-A2E5-485A-B937-4EF062A84452}
		{1B07A81B-0999-47A1-9BB1-2A3ACA4D1F73} = {D1A3A250-9CE2-4D69-81AB-C620360F2B18}
		{A52DEA15-9C04-4612-A459-B9EADCBADEF3} = {D1A3A250-9CE2-4D69-81AB-C620360F2B18}
		{6FDD9A1B-7E2A-4D1E-A1F1-992E30E50C7A} = {D1A3A250-9CE2-4D69-81AB-C620360F2B18}
		{523A9804-7D0D-4EAB-A993-02285834F121} = {BCC9187A-6857-4CA3-A91B-61C587E031E3}
		{B29F4A68-696D-4B25-87ED-085E891EE4AF} = {EB81C99A-F19D-458C-8D5F-C9F7B9937C2D}
		{507621F6-397F-4424-B3B5-466924F68BBD} = {EB81C99A-F19D-458C-8D5F-C9F7B9937C2D}
		{B568736E-AD29-4160-86D3-986A29032367} = {BCC9187A-6857-4CA3-A91B-61C587E031E3}
		{78FD794C-BC5B-4B31-A20D-4533D2E36CC4} = {EB81C99A-F19D-458C-8D5F-C9F7B9937C2D}
		{51B74027-43D6-4117-A6ED-F26F5B45699B} = {BCC9187A-6857-4CA3-A91B-61C587E031E3}
		{DC87FEE1-93B9-4107-A3B8-EB49B56839E3} = {EB81C99A-F19D-458C-8D5F-C9F7B9937C2D}
	EndGlobalSection
	GlobalSection(ProjectConfigurationPlatforms) = postSolution
		{93106B06-DEAD-4374-BB9B-9E9A297DB247}.Debug|Any CPU.ActiveCfg = Debug|Any CPU
		{93106B06-DEAD-4374-BB9B-9E9A297DB247}.Debug|Any CPU.Build.0 = Debug|Any CPU
		{93106B06-DEAD-4374-BB9B-9E9A297DB247}.Release|Any CPU.ActiveCfg = Release|Any CPU
		{93106B06-DEAD-4374-BB9B-9E9A297DB247}.Release|Any CPU.Build.0 = Release|Any CPU
		{ABCCD61F-5330-4830-A616-3E6DC233827F}.Debug|Any CPU.ActiveCfg = Debug|Any CPU
		{ABCCD61F-5330-4830-A616-3E6DC233827F}.Debug|Any CPU.Build.0 = Debug|Any CPU
		{ABCCD61F-5330-4830-A616-3E6DC233827F}.Release|Any CPU.ActiveCfg = Release|Any CPU
		{ABCCD61F-5330-4830-A616-3E6DC233827F}.Release|Any CPU.Build.0 = Release|Any CPU
		{B15F494C-7228-44DF-91B1-9537C579AFAF}.Debug|Any CPU.ActiveCfg = Debug|Any CPU
		{B15F494C-7228-44DF-91B1-9537C579AFAF}.Debug|Any CPU.Build.0 = Debug|Any CPU
		{B15F494C-7228-44DF-91B1-9537C579AFAF}.Release|Any CPU.ActiveCfg = Release|Any CPU
		{B15F494C-7228-44DF-91B1-9537C579AFAF}.Release|Any CPU.Build.0 = Release|Any CPU
		{8337C97C-C0BC-4DCD-AEB9-61C949410E12}.Debug|Any CPU.ActiveCfg = Debug|Any CPU
		{8337C97C-C0BC-4DCD-AEB9-61C949410E12}.Debug|Any CPU.Build.0 = Debug|Any CPU
		{8337C97C-C0BC-4DCD-AEB9-61C949410E12}.Release|Any CPU.ActiveCfg = Release|Any CPU
		{8337C97C-C0BC-4DCD-AEB9-61C949410E12}.Release|Any CPU.Build.0 = Release|Any CPU
		{2BCF5E81-1896-40AE-A7AA-01AD60A372FE}.Debug|Any CPU.ActiveCfg = Debug|Any CPU
		{2BCF5E81-1896-40AE-A7AA-01AD60A372FE}.Debug|Any CPU.Build.0 = Debug|Any CPU
		{2BCF5E81-1896-40AE-A7AA-01AD60A372FE}.Release|Any CPU.ActiveCfg = Release|Any CPU
		{2BCF5E81-1896-40AE-A7AA-01AD60A372FE}.Release|Any CPU.Build.0 = Release|Any CPU
		{5D0B1777-2458-423B-B387-F4846E56F6D4}.Debug|Any CPU.ActiveCfg = Debug|Any CPU
		{5D0B1777-2458-423B-B387-F4846E56F6D4}.Debug|Any CPU.Build.0 = Debug|Any CPU
		{5D0B1777-2458-423B-B387-F4846E56F6D4}.Release|Any CPU.ActiveCfg = Release|Any CPU
		{5D0B1777-2458-423B-B387-F4846E56F6D4}.Release|Any CPU.Build.0 = Release|Any CPU
		{A1432C2C-37A5-452B-AA72-65CBEB917536}.Debug|Any CPU.ActiveCfg = Debug|Any CPU
		{A1432C2C-37A5-452B-AA72-65CBEB917536}.Debug|Any CPU.Build.0 = Debug|Any CPU
		{A1432C2C-37A5-452B-AA72-65CBEB917536}.Release|Any CPU.ActiveCfg = Release|Any CPU
		{A1432C2C-37A5-452B-AA72-65CBEB917536}.Release|Any CPU.Build.0 = Release|Any CPU
		{67E7BB46-B616-4770-9B39-BF69011E9038}.Debug|Any CPU.ActiveCfg = Debug|Any CPU
		{67E7BB46-B616-4770-9B39-BF69011E9038}.Debug|Any CPU.Build.0 = Debug|Any CPU
		{67E7BB46-B616-4770-9B39-BF69011E9038}.Release|Any CPU.ActiveCfg = Release|Any CPU
		{67E7BB46-B616-4770-9B39-BF69011E9038}.Release|Any CPU.Build.0 = Release|Any CPU
		{B14B376F-D13E-4FBE-BA3D-05B14B949C8E}.Debug|Any CPU.ActiveCfg = Debug|Any CPU
		{B14B376F-D13E-4FBE-BA3D-05B14B949C8E}.Debug|Any CPU.Build.0 = Debug|Any CPU
		{B14B376F-D13E-4FBE-BA3D-05B14B949C8E}.Release|Any CPU.ActiveCfg = Release|Any CPU
		{B14B376F-D13E-4FBE-BA3D-05B14B949C8E}.Release|Any CPU.Build.0 = Release|Any CPU
		{BE5FF6A2-3AC4-4B80-AA47-48A06F0273BB}.Debug|Any CPU.ActiveCfg = Debug|Any CPU
		{BE5FF6A2-3AC4-4B80-AA47-48A06F0273BB}.Debug|Any CPU.Build.0 = Debug|Any CPU
		{BE5FF6A2-3AC4-4B80-AA47-48A06F0273BB}.Release|Any CPU.ActiveCfg = Release|Any CPU
		{BE5FF6A2-3AC4-4B80-AA47-48A06F0273BB}.Release|Any CPU.Build.0 = Release|Any CPU
		{1B07A81B-0999-47A1-9BB1-2A3ACA4D1F73}.Debug|Any CPU.ActiveCfg = Debug|Any CPU
		{1B07A81B-0999-47A1-9BB1-2A3ACA4D1F73}.Debug|Any CPU.Build.0 = Debug|Any CPU
		{1B07A81B-0999-47A1-9BB1-2A3ACA4D1F73}.Release|Any CPU.ActiveCfg = Release|Any CPU
		{1B07A81B-0999-47A1-9BB1-2A3ACA4D1F73}.Release|Any CPU.Build.0 = Release|Any CPU
		{A52DEA15-9C04-4612-A459-B9EADCBADEF3}.Debug|Any CPU.ActiveCfg = Debug|Any CPU
		{A52DEA15-9C04-4612-A459-B9EADCBADEF3}.Debug|Any CPU.Build.0 = Debug|Any CPU
		{A52DEA15-9C04-4612-A459-B9EADCBADEF3}.Release|Any CPU.ActiveCfg = Release|Any CPU
		{A52DEA15-9C04-4612-A459-B9EADCBADEF3}.Release|Any CPU.Build.0 = Release|Any CPU
		{6FDD9A1B-7E2A-4D1E-A1F1-992E30E50C7A}.Debug|Any CPU.ActiveCfg = Debug|Any CPU
		{6FDD9A1B-7E2A-4D1E-A1F1-992E30E50C7A}.Debug|Any CPU.Build.0 = Debug|Any CPU
		{6FDD9A1B-7E2A-4D1E-A1F1-992E30E50C7A}.Release|Any CPU.ActiveCfg = Release|Any CPU
		{6FDD9A1B-7E2A-4D1E-A1F1-992E30E50C7A}.Release|Any CPU.Build.0 = Release|Any CPU
		{523A9804-7D0D-4EAB-A993-02285834F121}.Debug|Any CPU.ActiveCfg = Debug|Any CPU
		{523A9804-7D0D-4EAB-A993-02285834F121}.Debug|Any CPU.Build.0 = Debug|Any CPU
		{523A9804-7D0D-4EAB-A993-02285834F121}.Release|Any CPU.ActiveCfg = Release|Any CPU
		{523A9804-7D0D-4EAB-A993-02285834F121}.Release|Any CPU.Build.0 = Release|Any CPU
		{B29F4A68-696D-4B25-87ED-085E891EE4AF}.Debug|Any CPU.ActiveCfg = Debug|Any CPU
		{B29F4A68-696D-4B25-87ED-085E891EE4AF}.Debug|Any CPU.Build.0 = Debug|Any CPU
		{B29F4A68-696D-4B25-87ED-085E891EE4AF}.Release|Any CPU.ActiveCfg = Release|Any CPU
		{B29F4A68-696D-4B25-87ED-085E891EE4AF}.Release|Any CPU.Build.0 = Release|Any CPU
		{507621F6-397F-4424-B3B5-466924F68BBD}.Debug|Any CPU.ActiveCfg = Debug|Any CPU
		{507621F6-397F-4424-B3B5-466924F68BBD}.Debug|Any CPU.Build.0 = Debug|Any CPU
		{507621F6-397F-4424-B3B5-466924F68BBD}.Release|Any CPU.ActiveCfg = Release|Any CPU
		{507621F6-397F-4424-B3B5-466924F68BBD}.Release|Any CPU.Build.0 = Release|Any CPU
		{B568736E-AD29-4160-86D3-986A29032367}.Debug|Any CPU.ActiveCfg = Debug|Any CPU
		{B568736E-AD29-4160-86D3-986A29032367}.Debug|Any CPU.Build.0 = Debug|Any CPU
		{B568736E-AD29-4160-86D3-986A29032367}.Release|Any CPU.ActiveCfg = Release|Any CPU
		{B568736E-AD29-4160-86D3-986A29032367}.Release|Any CPU.Build.0 = Release|Any CPU
		{78FD794C-BC5B-4B31-A20D-4533D2E36CC4}.Debug|Any CPU.ActiveCfg = Debug|Any CPU
		{78FD794C-BC5B-4B31-A20D-4533D2E36CC4}.Debug|Any CPU.Build.0 = Debug|Any CPU
		{78FD794C-BC5B-4B31-A20D-4533D2E36CC4}.Release|Any CPU.ActiveCfg = Release|Any CPU
		{78FD794C-BC5B-4B31-A20D-4533D2E36CC4}.Release|Any CPU.Build.0 = Release|Any CPU
		{51B74027-43D6-4117-A6ED-F26F5B45699B}.Debug|Any CPU.ActiveCfg = Debug|Any CPU
		{51B74027-43D6-4117-A6ED-F26F5B45699B}.Debug|Any CPU.Build.0 = Debug|Any CPU
		{51B74027-43D6-4117-A6ED-F26F5B45699B}.Release|Any CPU.ActiveCfg = Release|Any CPU
		{51B74027-43D6-4117-A6ED-F26F5B45699B}.Release|Any CPU.Build.0 = Release|Any CPU
		{DC87FEE1-93B9-4107-A3B8-EB49B56839E3}.Debug|Any CPU.ActiveCfg = Debug|Any CPU
		{DC87FEE1-93B9-4107-A3B8-EB49B56839E3}.Debug|Any CPU.Build.0 = Debug|Any CPU
		{DC87FEE1-93B9-4107-A3B8-EB49B56839E3}.Release|Any CPU.ActiveCfg = Release|Any CPU
		{DC87FEE1-93B9-4107-A3B8-EB49B56839E3}.Release|Any CPU.Build.0 = Release|Any CPU
	EndGlobalSection
EndGlobal
